
Microsoft Visual Studio Solution File, Format Version 12.00
# Visual Studio Version 16
VisualStudioVersion = 16.0.31129.286
MinimumVisualStudioVersion = 10.0.40219.1
Project("{FAE04EC0-301F-11D3-BF4B-00C04F79EFBC}") = "TodoApp", "TodoApp\TodoApp.csproj", "{019C6734-2A00-4C34-9DFE-7251F9BF59E4}"
EndProject
Global
	GlobalSection(SolutionConfigurationPlatforms) = preSolution
		Debug|Any CPU = Debug|Any CPU
		Release|Any CPU = Release|Any CPU
	EndGlobalSection
	GlobalSection(ProjectConfigurationPlatforms) = postSolution
		{019C6734-2A00-4C34-9DFE-7251F9BF59E4}.Debug|Any CPU.ActiveCfg = Debug|Any CPU
		{019C6734-2A00-4C34-9DFE-7251F9BF59E4}.Debug|Any CPU.Build.0 = Debug|Any CPU
		{019C6734-2A00-4C34-9DFE-7251F9BF59E4}.Release|Any CPU.ActiveCfg = Release|Any CPU
		{019C6734-2A00-4C34-9DFE-7251F9BF59E4}.Release|Any CPU.Build.0 = Release|Any CPU
	EndGlobalSection
	GlobalSection(SolutionProperties) = preSolution
		HideSolutionNode = FALSE
	EndGlobalSection
	GlobalSection(ExtensibilityGlobals) = postSolution
		SolutionGuid = {27298DC1-D95A-47E2-8FC3-3200DEEE4125}
	EndGlobalSection
EndGlobal
